github.com/BetuelSA/go-helpers v0.0.0-20200817213659-0b5198570e56 h1:jVrYig/wiGnuCGaWuWWIWE43XtxrOrnaSzD7e1hwzNc=
github.com/BetuelSA/go-helpers v0.0.0-20200817213659-0b5198570e56/go.mod h1:L7Jq2TJuHmEwkyA0SRJI1f2CHEMr8/AqQ/gCXa5yMSo=
github.com/google/jsonapi v0.0.0-20200825183604-3e3da1210d0c h1:p2sf7ppyG09K/Er1FeLSDeSjaEvsycQSdTB/il3JhCc=
github.com/google/jsonapi v0.0.0-20200825183604-3e3da1210d0c/go.mod h1:XSx4m2SziAqk9DXY9nz659easTq4q6TyrpYd9tHSm0g=
github.com/pkg/errors v0.9.1 h1:FEBLx1zS214owpjy7qsBeixbURkuhQAwrK5UwLGTwt4=
github.com/pkg/errors v0.9.1/go.mod h1:bwawxfHBFNV+L2hUp1rHADufV3IMtnDRdf1r5NINEl0=
